// !$*UTF8*$!
{
	archiveVersion = 1;
	classes = {
	};
	objectVersion = 50;
	objects = {

/* Begin PBXBuildFile section */
		6F163F0620D083F60065BC1C /* AppDelegate.swift in Sources */ = {isa = PBXBuildFile; fileRef = 6F163F0520D083F60065BC1C /* AppDelegate.swift */; };
		6F163F0820D083F60065BC1C /* BikeRideViewController.swift in Sources */ = {isa = PBXBuildFile; fileRef = 6F163F0720D083F60065BC1C /* BikeRideViewController.swift */; };
		6F163F0B20D083F60065BC1C /* Main.storyboard in Resources */ = {isa = PBXBuildFile; fileRef = 6F163F0920D083F60065BC1C /* Main.storyboard */; };
		6F163F0D20D083F80065BC1C /* Assets.xcassets in Resources */ = {isa = PBXBuildFile; fileRef = 6F163F0C20D083F80065BC1C /* Assets.xcassets */; };
		6F163F1020D083F80065BC1C /* LaunchScreen.storyboard in Resources */ = {isa = PBXBuildFile; fileRef = 6F163F0E20D083F80065BC1C /* LaunchScreen.storyboard */; };
		6F163F1820D08A0F0065BC1C /* BikeRide.swift in Sources */ = {isa = PBXBuildFile; fileRef = 6F163F1720D08A0F0065BC1C /* BikeRide.swift */; };
		6F163F1C20D1C8150065BC1C /* BikeRideTableViewCell.swift in Sources */ = {isa = PBXBuildFile; fileRef = 6F163F1B20D1C8150065BC1C /* BikeRideTableViewCell.swift */; };
		6F20199020D9E62E005BBF4C /* BikeRideDetailViewController.swift in Sources */ = {isa = PBXBuildFile; fileRef = 6F20198F20D9E62E005BBF4C /* BikeRideDetailViewController.swift */; };
		6F2EE5142107D025003A0CA7 /* MapKit.framework in Frameworks */ = {isa = PBXBuildFile; fileRef = 6F2EE5132107D025003A0CA7 /* MapKit.framework */; };
/* End PBXBuildFile section */

/* Begin PBXFileReference section */
		6F163F0220D083F60065BC1C /* BikeRide.app */ = {isa = PBXFileReference; explicitFileType = wrapper.application; includeInIndex = 0; path = BikeRide.app; sourceTree = BUILT_PRODUCTS_DIR; };
		6F163F0520D083F60065BC1C /* AppDelegate.swift */ = {isa = PBXFileReference; lastKnownFileType = sourcecode.swift; path = AppDelegate.swift; sourceTree = "<group>"; };
		6F163F0720D083F60065BC1C /* BikeRideViewController.swift */ = {isa = PBXFileReference; lastKnownFileType = sourcecode.swift; path = BikeRideViewController.swift; sourceTree = "<group>"; };
		6F163F0A20D083F60065BC1C /* Base */ = {isa = PBXFileReference; lastKnownFileType = file.storyboard; name = Base; path = Base.lproj/Main.storyboard; sourceTree = "<group>"; };
		6F163F0C20D083F80065BC1C /* Assets.xcassets */ = {isa = PBXFileReference; lastKnownFileType = folder.assetcatalog; path = Assets.xcassets; sourceTree = "<group>"; };
		6F163F0F20D083F80065BC1C /* Base */ = {isa = PBXFileReference; lastKnownFileType = file.storyboard; name = Base; path = Base.lproj/LaunchScreen.storyboard; sourceTree = "<group>"; };
		6F163F1120D083F80065BC1C /* Info.plist */ = {isa = PBXFileReference; lastKnownFileType = text.plist.xml; path = Info.plist; sourceTree = "<group>"; };
		6F163F1720D08A0F0065BC1C /* BikeRide.swift */ = {isa = PBXFileReference; lastKnownFileType = sourcecode.swift; path = BikeRide.swift; sourceTree = "<group>"; };
		6F163F1B20D1C8150065BC1C /* BikeRideTableViewCell.swift */ = {isa = PBXFileReference; lastKnownFileType = sourcecode.swift; path = BikeRideTableViewCell.swift; sourceTree = "<group>"; };
		6F20198F20D9E62E005BBF4C /* BikeRideDetailViewController.swift */ = {isa = PBXFileReference; lastKnownFileType = sourcecode.swift; path = BikeRideDetailViewController.swift; sourceTree = "<group>"; };
		6F2EE5132107D025003A0CA7 /* MapKit.framework */ = {isa = PBXFileReference; lastKnownFileType = wrapper.framework; name = MapKit.framework; path = System/Library/Frameworks/MapKit.framework; sourceTree = SDKROOT; };
/* End PBXFileReference section */

/* Begin PBXFrameworksBuildPhase section */
		6F163EFF20D083F60065BC1C /* Frameworks */ = {
			isa = PBXFrameworksBuildPhase;
			buildActionMask = 2147483647;
			files = (
				6F2EE5142107D025003A0CA7 /* MapKit.framework in Frameworks */,
			);
			runOnlyForDeploymentPostprocessing = 0;
		};
/* End PBXFrameworksBuildPhase section */

/* Begin PBXGroup section */
		6F163EF920D083F60065BC1C = {
			isa = PBXGroup;
			children = (
				6F163F0420D083F60065BC1C /* BikeRide */,
				6F163F0320D083F60065BC1C /* Products */,
				6F2EE5122107D025003A0CA7 /* Frameworks */,
			);
			sourceTree = "<group>";
		};
		6F163F0320D083F60065BC1C /* Products */ = {
			isa = PBXGroup;
			children = (
				6F163F0220D083F60065BC1C /* BikeRide.app */,
			);
			name = Products;
			sourceTree = "<group>";
		};
		6F163F0420D083F60065BC1C /* BikeRide */ = {
			isa = PBXGroup;
			children = (
				6F163F0520D083F60065BC1C /* AppDelegate.swift */,
				6F163F0920D083F60065BC1C /* Main.storyboard */,
				6F163F0720D083F60065BC1C /* BikeRideViewController.swift */,
				6F163F1B20D1C8150065BC1C /* BikeRideTableViewCell.swift */,
				6F20198F20D9E62E005BBF4C /* BikeRideDetailViewController.swift */,
				6F163F1720D08A0F0065BC1C /* BikeRide.swift */,
				6F163F0C20D083F80065BC1C /* Assets.xcassets */,
				6F163F0E20D083F80065BC1C /* LaunchScreen.storyboard */,
				6F163F1120D083F80065BC1C /* Info.plist */,
			);
			path = BikeRide;
			sourceTree = "<group>";
		};
		6F2EE5122107D025003A0CA7 /* Frameworks */ = {
			isa = PBXGroup;
			children = (
				6F2EE5132107D025003A0CA7 /* MapKit.framework */,
			);
			name = Frameworks;
			sourceTree = "<group>";
		};
/* End PBXGroup section */

/* Begin PBXNativeTarget section */
		6F163F0120D083F60065BC1C /* BikeRide */ = {
			isa = PBXNativeTarget;
			buildConfigurationList = 6F163F1420D083F80065BC1C /* Build configuration list for PBXNativeTarget "BikeRide" */;
			buildPhases = (
				6F163EFE20D083F60065BC1C /* Sources */,
				6F163EFF20D083F60065BC1C /* Frameworks */,
				6F163F0020D083F60065BC1C /* Resources */,
			);
			buildRules = (
			);
			dependencies = (
			);
			name = BikeRide;
			productName = BikeRide;
			productReference = 6F163F0220D083F60065BC1C /* BikeRide.app */;
			productType = "com.apple.product-type.application";
		};
/* End PBXNativeTarget section */

/* Begin PBXProject section */
		6F163EFA20D083F60065BC1C /* Project object */ = {
			isa = PBXProject;
			attributes = {
				LastSwiftUpdateCheck = 0940;
				LastUpgradeCheck = 0940;
				ORGANIZATIONNAME = "Jorge Serna";
				TargetAttributes = {
					6F163F0120D083F60065BC1C = {
						CreatedOnToolsVersion = 9.4;
						SystemCapabilities = {
							com.apple.Maps.iOS = {
								enabled = 1;
							};
						};
					};
				};
			};
			buildConfigurationList = 6F163EFD20D083F60065BC1C /* Build configuration list for PBXProject "BikeRide" */;
			compatibilityVersion = "Xcode 9.3";
			developmentRegion = en;
			hasScannedForEncodings = 0;
			knownRegions = (
				en,
				Base,
			);
			mainGroup = 6F163EF920D083F60065BC1C;
			productRefGroup = 6F163F0320D083F60065BC1C /* Products */;
			projectDirPath = "";
			projectRoot = "";
			targets = (
				6F163F0120D083F60065BC1C /* BikeRide */,
			);
		};
/* End PBXProject section */

/* Begin PBXResourcesBuildPhase section */
		6F163F0020D083F60065BC1C /* Resources */ = {
			isa = PBXResourcesBuildPhase;
			buildActionMask = 2147483647;
			files = (
				6F163F1020D083F80065BC1C /* LaunchScreen.storyboard in Resources */,
				6F163F0D20D083F80065BC1C /* Assets.xcassets in Resources */,
				6F163F0B20D083F60065BC1C /* Main.storyboard in Resources */,
			);
			runOnlyForDeploymentPostprocessing = 0;
		};
/* End PBXResourcesBuildPhase section */

/* Begin PBXSourcesBuildPhase section */
		6F163EFE20D083F60065BC1C /* Sources */ = {
			isa = PBXSourcesBuildPhase;
			buildActionMask = 2147483647;
			files = (
				6F163F1C20D1C8150065BC1C /* BikeRideTableViewCell.swift in Sources */,
				6F163F0820D083F60065BC1C /* BikeRideViewController.swift in Sources */,
				6F163F0620D083F60065BC1C /* AppDelegate.swift in Sources */,
				6F163F1820D08A0F0065BC1C /* BikeRide.swift in Sources */,
				6F20199020D9E62E005BBF4C /* BikeRideDetailViewController.swift in Sources */,
			);
			runOnlyForDeploymentPostprocessing = 0;
		};
/* End PBXSourcesBuildPhase section */

/* Begin PBXVariantGroup section */
		6F163F0920D083F60065BC1C /* Main.storyboard */ = {
			isa = PBXVariantGroup;
			children = (
				6F163F0A20D083F60065BC1C /* Base */,
			);
			name = Main.storyboard;
			sourceTree = "<group>";
		};
		6F163F0E20D083F80065BC1C /* LaunchScreen.storyboard */ = {
			isa = PBXVariantGroup;
			children = (
				6F163F0F20D083F80065BC1C /* Base */,
			);
			name = LaunchScreen.storyboard;
			sourceTree = "<group>";
		};
/* End PBXVariantGroup section */

/* Begin XCBuildConfiguration section */
		6F163F1220D083F80065BC1C /* Debug */ = {
			isa = XCBuildConfiguration;
			buildSettings = {
				ALWAYS_SEARCH_USER_PATHS = NO;
				CLANG_ANALYZER_NONNULL = YES;
				CLANG_ANALYZER_NUMBER_OBJECT_CONVERSION = YES_AGGRESSIVE;
				CLANG_CXX_LANGUAGE_STANDARD = "gnu++14";
				CLANG_CXX_LIBRARY = "libc++";
				CLANG_ENABLE_MODULES = YES;
				CLANG_ENABLE_OBJC_ARC = YES;
				CLANG_ENABLE_OBJC_WEAK = YES;
				CLANG_WARN_BLOCK_CAPTURE_AUTORELEASING = YES;
				CLANG_WARN_BOOL_CONVERSION = YES;
				CLANG_WARN_COMMA = YES;
				CLANG_WARN_CONSTANT_CONVERSION = YES;
				CLANG_WARN_DEPRECATED_OBJC_IMPLEMENTATIONS = YES;
				CLANG_WARN_DIRECT_OBJC_ISA_USAGE = YES_ERROR;
				CLANG_WARN_DOCUMENTATION_COMMENTS = YES;
				CLANG_WARN_EMPTY_BODY = YES;
				CLANG_WARN_ENUM_CONVERSION = YES;
				CLANG_WARN_INFINITE_RECURSION = YES;
				CLANG_WARN_INT_CONVERSION = YES;
				CLANG_WARN_NON_LITERAL_NULL_CONVERSION = YES;
				CLANG_WARN_OBJC_IMPLICIT_RETAIN_SELF = YES;
				CLANG_WARN_OBJC_LITERAL_CONVERSION = YES;
				CLANG_WARN_OBJC_ROOT_CLASS = YES_ERROR;
				CLANG_WARN_RANGE_LOOP_ANALYSIS = YES;
				CLANG_WARN_STRICT_PROTOTYPES = YES;
				CLANG_WARN_SUSPICIOUS_MOVE = YES;
				CLANG_WARN_UNGUARDED_AVAILABILITY = YES_AGGRESSIVE;
				CLANG_WARN_UNREACHABLE_CODE = YES;
				CLANG_WARN__DUPLICATE_METHOD_MATCH = YES;
				CODE_SIGN_IDENTITY = "iPhone Developer";
				COPY_PHASE_STRIP = NO;
				DEBUG_INFORMATION_FORMAT = dwarf;
				ENABLE_STRICT_OBJC_MSGSEND = YES;
				ENABLE_TESTABILITY = YES;
				GCC_C_LANGUAGE_STANDARD = gnu11;
				GCC_DYNAMIC_NO_PIC = NO;
				GCC_NO_COMMON_BLOCKS = YES;
				GCC_OPTIMIZATION_LEVEL = 0;
				GCC_PREPROCESSOR_DEFINITIONS = (
					"DEBUG=1",
					"$(inherited)",
				);
				GCC_WARN_64_TO_32_BIT_CONVERSION = YES;
				GCC_WARN_ABOUT_RETURN_TYPE = YES_ERROR;
				GCC_WARN_UNDECLARED_SELECTOR = YES;
				GCC_WARN_UNINITIALIZED_AUTOS = YES_AGGRESSIVE;
				GCC_WARN_UNUSED_FUNCTION = YES;
				GCC_WARN_UNUSED_VARIABLE = YES;
				IPHONEOS_DEPLOYMENT_TARGET = 11.4;
				MTL_ENABLE_DEBUG_INFO = YES;
				ONLY_ACTIVE_ARCH = YES;
				SDKROOT = iphoneos;
				SWIFT_ACTIVE_COMPILATION_CONDITIONS = DEBUG;
				SWIFT_OPTIMIZATION_LEVEL = "-Onone";
			};
			name = Debug;
		};
		6F163F1320D083F80065BC1C /* Release */ = {
			isa = XCBuildConfiguration;
			buildSettings = {
				ALWAYS_SEARCH_USER_PATHS = NO;
				CLANG_ANALYZER_NONNULL = YES;
				CLANG_ANALYZER_NUMBER_OBJECT_CONVERSION = YES_AGGRESSIVE;
				CLANG_CXX_LANGUAGE_STANDARD = "gnu++14";
				CLANG_CXX_LIBRARY = "libc++";
				CLANG_ENABLE_MODULES = YES;
				CLANG_ENABLE_OBJC_ARC = YES;
				CLANG_ENABLE_OBJC_WEAK = YES;
				CLANG_WARN_BLOCK_CAPTURE_AUTORELEASING = YES;
				CLANG_WARN_BOOL_CONVERSION = YES;
				CLANG_WARN_COMMA = YES;
				CLANG_WARN_CONSTANT_CONVERSION = YES;
				CLANG_WARN_DEPRECATED_OBJC_IMPLEMENTATIONS = YES;
				CLANG_WARN_DIRECT_OBJC_ISA_USAGE = YES_ERROR;
				CLANG_WARN_DOCUMENTATION_COMMENTS = YES;
				CLANG_WARN_EMPTY_BODY = YES;
				CLANG_WARN_ENUM_CONVERSION = YES;
				CLANG_WARN_INFINITE_RECURSION = YES;
				CLANG_WARN_INT_CONVERSION = YES;
				CLANG_WARN_NON_LITERAL_NULL_CONVERSION = YES;
				CLANG_WARN_OBJC_IMPLICIT_RETAIN_SELF = YES;
				CLANG_WARN_OBJC_LITERAL_CONVERSION = YES;
				CLANG_WARN_OBJC_ROOT_CLASS = YES_ERROR;
				CLANG_WARN_RANGE_LOOP_ANALYSIS = YES;
				CLANG_WARN_STRICT_PROTOTYPES = YES;
				CLANG_WARN_SUSPICIOUS_MOVE = YES;
				CLANG_WARN_UNGUARDED_AVAILABILITY = YES_AGGRESSIVE;
				CLANG_WARN_UNREACHABLE_CODE = YES;
				CLANG_WARN__DUPLICATE_METHOD_MATCH = YES;
				CODE_SIGN_IDENTITY = "iPhone Developer";
				COPY_PHASE_STRIP = NO;
				DEBUG_INFORMATION_FORMAT = "dwarf-with-dsym";
				ENABLE_NS_ASSERTIONS = NO;
				ENABLE_STRICT_OBJC_MSGSEND = YES;
				GCC_C_LANGUAGE_STANDARD = gnu11;
				GCC_NO_COMMON_BLOCKS = YES;
				GCC_WARN_64_TO_32_BIT_CONVERSION = YES;
				GCC_WARN_ABOUT_RETURN_TYPE = YES_ERROR;
				GCC_WARN_UNDECLARED_SELECTOR = YES;
				GCC_WARN_UNINITIALIZED_AUTOS = YES_AGGRESSIVE;
				GCC_WARN_UNUSED_FUNCTION = YES;
				GCC_WARN_UNUSED_VARIABLE = YES;
				IPHONEOS_DEPLOYMENT_TARGET = 11.4;
				MTL_ENABLE_DEBUG_INFO = NO;
				SDKROOT = iphoneos;
				SWIFT_COMPILATION_MODE = wholemodule;
				SWIFT_OPTIMIZATION_LEVEL = "-O";
				VALIDATE_PRODUCT = YES;
			};
			name = Release;
		};
		6F163F1520D083F80065BC1C /* Debug */ = {
			isa = XCBuildConfiguration;
			buildSettings = {
				ASSETCATALOG_COMPILER_APPICON_NAME = AppIcon;
				CODE_SIGN_STYLE = Automatic;
				DEVELOPMENT_TEAM = 8543AC47Y3;
				INFOPLIST_FILE = BikeRide/Info.plist;
				LD_RUNPATH_SEARCH_PATHS = (
					"$(inherited)",
					"@executable_path/Frameworks",
				);
				PRODUCT_BUNDLE_IDENTIFIER = ios.delaserna.jorge.BikeRide;
				PRODUCT_NAME = "$(TARGET_NAME)";
				SWIFT_VERSION = 4.0;
				TARGETED_DEVICE_FAMILY = "1,2";
			};
			name = Debug;
		};
		6F163F1620D083F80065BC1C /* Release */ = {
			isa = XCBuildConfiguration;
			buildSettings = {
				ASSETCATALOG_COMPILER_APPICON_NAME = AppIcon;
				CODE_SIGN_STYLE = Automatic;
				DEVELOPMENT_TEAM = 8543AC47Y3;
				INFOPLIST_FILE = BikeRide/Info.plist;
				LD_RUNPATH_SEARCH_PATHS = (
					"$(inherited)",
					"@executable_path/Frameworks",
				);
				PRODUCT_BUNDLE_IDENTIFIER = ios.delaserna.jorge.BikeRide;
				PRODUCT_NAME = "$(TARGET_NAME)";
				SWIFT_VERSION = 4.0;
				TARGETED_DEVICE_FAMILY = "1,2";
			};
			name = Release;
		};
/* End XCBuildConfiguration section */

/* Begin XCConfigurationList section */
		6F163EFD20D083F60065BC1C /* Build configuration list for PBXProject "BikeRide" */ = {
			isa = XCConfigurationList;
			buildConfigurations = (
				6F163F1220D083F80065BC1C /* Debug */,
				6F163F1320D083F80065BC1C /* Release */,
			);
			defaultConfigurationIsVisible = 0;
			defaultConfigurationName = Release;
		};
		6F163F1420D083F80065BC1C /* Build configuration list for PBXNativeTarget "BikeRide" */ = {
			isa = XCConfigurationList;
			buildConfigurations = (
				6F163F1520D083F80065BC1C /* Debug */,
				6F163F1620D083F80065BC1C /* Release */,
			);
			defaultConfigurationIsVisible = 0;
			defaultConfigurationName = Release;
		};
/* End XCConfigurationList section */
	};
	rootObject = 6F163EFA20D083F60065BC1C /* Project object */;
}
